
Microsoft Visual Studio Solution File, Format Version 12.00
# Visual Studio Version 16
VisualStudioVersion = 16.0.29519.181
MinimumVisualStudioVersion = 10.0.40219.1
Project("{FAE04EC0-301F-11D3-BF4B-00C04F79EFBC}") = "TocApiLibrary", "TocApiLibrary.csproj", "{E0AB9CC7-3740-4F35-B492-0963323C732D}"
EndProject
Global
	GlobalSection(SolutionConfigurationPlatforms) = preSolution
		Debug|Any CPU = Debug|Any CPU
		Release|Any CPU = Release|Any CPU
	EndGlobalSection
	GlobalSection(ProjectConfigurationPlatforms) = postSolution
		{E0AB9CC7-3740-4F35-B492-0963323C732D}.Debug|Any CPU.ActiveCfg = Debug|Any CPU
		{E0AB9CC7-3740-4F35-B492-0963323C732D}.Debug|Any CPU.Build.0 = Debug|Any CPU
		{E0AB9CC7-3740-4F35-B492-0963323C732D}.Release|Any CPU.ActiveCfg = Release|Any CPU
		{E0AB9CC7-3740-4F35-B492-0963323C732D}.Release|Any CPU.Build.0 = Release|Any CPU
	EndGlobalSection
	GlobalSection(SolutionProperties) = preSolution
		HideSolutionNode = FALSE
	EndGlobalSection
	GlobalSection(ExtensibilityGlobals) = postSolution
		SolutionGuid = {97CE0519-2504-4F52-B5A2-18795670C314}
	EndGlobalSection
EndGlobal
